
Microsoft Visual Studio Solution File, Format Version 12.00
# Visual Studio Version 16
VisualStudioVersion = 16.0.32630.194
MinimumVisualStudioVersion = 10.0.40219.1
Project("{FAE04EC0-301F-11D3-BF4B-00C04F79EFBC}") = "Messenger", "Messenger\Messenger.csproj", "{53F48B9D-635F-4D20-817C-C65F6E677D5A}"
EndProject
Global
	GlobalSection(SolutionConfigurationPlatforms) = preSolution
		Debug|Any CPU = Debug|Any CPU
		Release|Any CPU = Release|Any CPU
	EndGlobalSection
	GlobalSection(ProjectConfigurationPlatforms) = postSolution
		{53F48B9D-635F-4D20-817C-C65F6E677D5A}.Debug|Any CPU.ActiveCfg = Debug|Any CPU
		{53F48B9D-635F-4D20-817C-C65F6E677D5A}.Debug|Any CPU.Build.0 = Debug|Any CPU
		{53F48B9D-635F-4D20-817C-C65F6E677D5A}.Release|Any CPU.ActiveCfg = Release|Any CPU
		{53F48B9D-635F-4D20-817C-C65F6E677D5A}.Release|Any CPU.Build.0 = Release|Any CPU
	EndGlobalSection
	GlobalSection(SolutionProperties) = preSolution
		HideSolutionNode = FALSE
	EndGlobalSection
	GlobalSection(ExtensibilityGlobals) = postSolution
		SolutionGuid = {F86DC2E3-DB5B-41E5-88D2-FBAA3B5CE338}
	EndGlobalSection
EndGlobal
